
Microsoft Visual Studio Solution File, Format Version 12.00
# Visual Studio 15
VisualStudioVersion = 15.0.26403.7
MinimumVisualStudioVersion = 10.0.40219.1
Project("{FAE04EC0-301F-11D3-BF4B-00C04F79EFBC}") = "Web", "Web\Web.csproj", "{A27E3B94-82B7-41A7-8A20-D40D1FA380C0}"
EndProject
Project("{FAE04EC0-301F-11D3-BF4B-00C04F79EFBC}") = "Web.Tests", "Web.Tests\Web.Tests.csproj", "{5A3A938C-545C-43B9-BA07-5C65B07C73AC}"
EndProject
Project("{2150E333-8FDC-42A3-9474-1A3956D46DE8}") = "Libraries", "Libraries", "{BEA6C38B-4DCE-4724-BE6D-B0E4EC25B629}"
EndProject
Project("{FAE04EC0-301F-11D3-BF4B-00C04F79EFBC}") = "Repository.Pattern", "Repository.Pattern\Repository.Pattern.csproj", "{6E682A14-C872-4813-B620-76E108DEA683}"
EndProject
Project("{FAE04EC0-301F-11D3-BF4B-00C04F79EFBC}") = "Service.Pattern", "Service.Pattern\Service.Pattern.csproj", "{96608CDD-C8BD-407B-8C18-6A242350337D}"
EndProject
Project("{FAE04EC0-301F-11D3-BF4B-00C04F79EFBC}") = "Repository.Pattern.Ef6", "Repository.Pattern.Ef6\Repository.Pattern.Ef6.csproj", "{F68A1D19-93FB-47C1-A22B-42BEA3E4FD8C}"
EndProject
Project("{FAE04EC0-301F-11D3-BF4B-00C04F79EFBC}") = "CafeT.Text", "CafeT.Text\CafeT.Text.csproj", "{5AB7261D-F74C-4853-BD70-4EB2239B89F9}"
EndProject
Project("{FAE04EC0-301F-11D3-BF4B-00C04F79EFBC}") = "CafeT.EF6.Objects", "CafeT.EF6.Objects\CafeT.EF6.Objects.csproj", "{8B0D379F-96DD-425F-9793-8DE51FDC8706}"
EndProject
Project("{FAE04EC0-301F-11D3-BF4B-00C04F79EFBC}") = "CafeT.WebApi", "CafeT.WebApi\CafeT.WebApi.csproj", "{15BEF417-17CE-410C-BF6F-6F1E5156DE8A}"
EndProject
Project("{FAE04EC0-301F-11D3-BF4B-00C04F79EFBC}") = "CafeT.Time", "CafeT.Time\CafeT.Time.csproj", "{67988C5A-E33C-4811-A316-69416EED5FBD}"
EndProject
Project("{FAE04EC0-301F-11D3-BF4B-00C04F79EFBC}") = "CafeT.SmartObjects", "CafeT.SmartObjects\CafeT.SmartObjects.csproj", "{6E57809C-FCFA-4818-9DF8-93162E451ED0}"
EndProject
Project("{FAE04EC0-301F-11D3-BF4B-00C04F79EFBC}") = "CafeT.Objects", "CafeT.Objects\CafeT.Objects.csproj", "{E9909E52-25BE-4F82-873B-DAF2EC30DE76}"
EndProject
Project("{FAE04EC0-301F-11D3-BF4B-00C04F79EFBC}") = "CafeT.Writers", "CafeT.Writers\CafeT.Writers.csproj", "{BB07442C-89FF-48AA-B4A9-5413BE5D4D09}"
EndProject
Project("{FAE04EC0-301F-11D3-BF4B-00C04F79EFBC}") = "CafeT.Watchers", "CafeT.Watchers\CafeT.Watchers.csproj", "{75316B54-9639-4CA9-9159-252A8F8026E3}"
EndProject
Project("{FAE04EC0-301F-11D3-BF4B-00C04F79EFBC}") = "CafeT.Html", "CafeT.Html\CafeT.Html.csproj", "{6F875B12-CE9C-46E4-A8B8-D8A1B0E2DFE2}"
EndProject
Project("{FAE04EC0-301F-11D3-BF4B-00C04F79EFBC}") = "CafeT.SmartFiles", "CafeT.SmartFiles\CafeT.SmartFiles.csproj", "{BAE3D064-EF4C-408F-8BA7-6D0D2A0079E1}"
EndProject
Project("{FAE04EC0-301F-11D3-BF4B-00C04F79EFBC}") = "CafeT.Networks", "CafeT.Networks\CafeT.Networks.csproj", "{A79C53E7-B191-4DBD-AD15-E3E7CF6E13DB}"
EndProject
Project("{FAE04EC0-301F-11D3-BF4B-00C04F79EFBC}") = "CafeT.Computer", "CafeT.Computer\CafeT.Computer.csproj", "{CCB0886E-3C76-43AE-8370-C00E1852A3FF}"
EndProject
Project("{D954291E-2A0B-460D-934E-DC6B0785DB48}") = "WorkCard.Client", "WorkCard.Client\WorkCard.Client\WorkCard.Client.shproj", "{DFBEA3F1-0429-4D3E-BB1E-C504F4218B77}"
EndProject
Project("{FAE04EC0-301F-11D3-BF4B-00C04F79EFBC}") = "WorkCard.Client.Android", "WorkCard.Client\WorkCard.Client.Android\WorkCard.Client.Android.csproj", "{910BAE33-2C50-4325-A404-0EE359D270AF}"
EndProject
Project("{FAE04EC0-301F-11D3-BF4B-00C04F79EFBC}") = "WorkCard.Client.iOS", "WorkCard.Client\WorkCard.Client.iOS\WorkCard.Client.iOS.csproj", "{EE4E3327-766F-41A8-9DC9-706775F9DF37}"
EndProject
Global
	GlobalSection(SharedMSBuildProjectFiles) = preSolution
		WorkCard.Client\WorkCard.Client\WorkCard.Client.projitems*{910bae33-2c50-4325-a404-0ee359d270af}*SharedItemsImports = 4
		WorkCard.Client\WorkCard.Client\WorkCard.Client.projitems*{dfbea3f1-0429-4d3e-bb1e-c504f4218b77}*SharedItemsImports = 13
		WorkCard.Client\WorkCard.Client\WorkCard.Client.projitems*{ee4e3327-766f-41a8-9dc9-706775f9df37}*SharedItemsImports = 4
	EndGlobalSection
	GlobalSection(SolutionConfigurationPlatforms) = preSolution
		Ad-Hoc|Any CPU = Ad-Hoc|Any CPU
		Ad-Hoc|iPhone = Ad-Hoc|iPhone
		Ad-Hoc|iPhoneSimulator = Ad-Hoc|iPhoneSimulator
		Ad-Hoc|x86 = Ad-Hoc|x86
		AppStore|Any CPU = AppStore|Any CPU
		AppStore|iPhone = AppStore|iPhone
		AppStore|iPhoneSimulator = AppStore|iPhoneSimulator
		AppStore|x86 = AppStore|x86
		Debug|Any CPU = Debug|Any CPU
		Debug|iPhone = Debug|iPhone
		Debug|iPhoneSimulator = Debug|iPhoneSimulator
		Debug|x86 = Debug|x86
		Release|Any CPU = Release|Any CPU
		Release|iPhone = Release|iPhone
		Release|iPhoneSimulator = Release|iPhoneSimulator
		Release|x86 = Release|x86
	EndGlobalSection
	GlobalSection(ProjectConfigurationPlatforms) = postSolution
		{A27E3B94-82B7-41A7-8A20-D40D1FA380C0}.Ad-Hoc|Any CPU.ActiveCfg = Release|Any CPU
		{A27E3B94-82B7-41A7-8A20-D40D1FA380C0}.Ad-Hoc|Any CPU.Build.0 = Release|Any CPU
		{A27E3B94-82B7-41A7-8A20-D40D1FA380C0}.Ad-Hoc|iPhone.ActiveCfg = Release|Any CPU
		{A27E3B94-82B7-41A7-8A20-D40D1FA380C0}.Ad-Hoc|iPhone.Build.0 = Release|Any CPU
		{A27E3B94-82B7-41A7-8A20-D40D1FA380C0}.Ad-Hoc|iPhoneSimulator.ActiveCfg = Release|Any CPU
		{A27E3B94-82B7-41A7-8A20-D40D1FA380C0}.Ad-Hoc|iPhoneSimulator.Build.0 = Release|Any CPU
		{A27E3B94-82B7-41A7-8A20-D40D1FA380C0}.Ad-Hoc|x86.ActiveCfg = Release|Any CPU
		{A27E3B94-82B7-41A7-8A20-D40D1FA380C0}.Ad-Hoc|x86.Build.0 = Release|Any CPU
		{A27E3B94-82B7-41A7-8A20-D40D1FA380C0}.AppStore|Any CPU.ActiveCfg = Release|Any CPU
		{A27E3B94-82B7-41A7-8A20-D40D1FA380C0}.AppStore|Any CPU.Build.0 = Release|Any CPU
		{A27E3B94-82B7-41A7-8A20-D40D1FA380C0}.AppStore|iPhone.ActiveCfg = Release|Any CPU
		{A27E3B94-82B7-41A7-8A20-D40D1FA380C0}.AppStore|iPhone.Build.0 = Release|Any CPU
		{A27E3B94-82B7-41A7-8A20-D40D1FA380C0}.AppStore|iPhoneSimulator.ActiveCfg = Release|Any CPU
		{A27E3B94-82B7-41A7-8A20-D40D1FA380C0}.AppStore|iPhoneSimulator.Build.0 = Release|Any CPU
		{A27E3B94-82B7-41A7-8A20-D40D1FA380C0}.AppStore|x86.ActiveCfg = Release|Any CPU
		{A27E3B94-82B7-41A7-8A20-D40D1FA380C0}.AppStore|x86.Build.0 = Release|Any CPU
		{A27E3B94-82B7-41A7-8A20-D40D1FA380C0}.Debug|Any CPU.ActiveCfg = Debug|Any CPU
		{A27E3B94-82B7-41A7-8A20-D40D1FA380C0}.Debug|Any CPU.Build.0 = Debug|Any CPU
		{A27E3B94-82B7-41A7-8A20-D40D1FA380C0}.Debug|iPhone.ActiveCfg = Debug|Any CPU
		{A27E3B94-82B7-41A7-8A20-D40D1FA380C0}.Debug|iPhone.Build.0 = Debug|Any CPU
		{A27E3B94-82B7-41A7-8A20-D40D1FA380C0}.Debug|iPhoneSimulator.ActiveCfg = Debug|Any CPU
		{A27E3B94-82B7-41A7-8A20-D40D1FA380C0}.Debug|iPhoneSimulator.Build.0 = Debug|Any CPU
		{A27E3B94-82B7-41A7-8A20-D40D1FA380C0}.Debug|x86.ActiveCfg = Debug|Any CPU
		{A27E3B94-82B7-41A7-8A20-D40D1FA380C0}.Debug|x86.Build.0 = Debug|Any CPU
		{A27E3B94-82B7-41A7-8A20-D40D1FA380C0}.Release|Any CPU.ActiveCfg = Release|Any CPU
		{A27E3B94-82B7-41A7-8A20-D40D1FA380C0}.Release|Any CPU.Build.0 = Release|Any CPU
		{A27E3B94-82B7-41A7-8A20-D40D1FA380C0}.Release|iPhone.ActiveCfg = Release|Any CPU
		{A27E3B94-82B7-41A7-8A20-D40D1FA380C0}.Release|iPhone.Build.0 = Release|Any CPU
		{A27E3B94-82B7-41A7-8A20-D40D1FA380C0}.Release|iPhoneSimulator.ActiveCfg = Release|Any CPU
		{A27E3B94-82B7-41A7-8A20-D40D1FA380C0}.Release|iPhoneSimulator.Build.0 = Release|Any CPU
		{A27E3B94-82B7-41A7-8A20-D40D1FA380C0}.Release|x86.ActiveCfg = Release|Any CPU
		{A27E3B94-82B7-41A7-8A20-D40D1FA380C0}.Release|x86.Build.0 = Release|Any CPU
		{5A3A938C-545C-43B9-BA07-5C65B07C73AC}.Ad-Hoc|Any CPU.ActiveCfg = Release|Any CPU
		{5A3A938C-545C-43B9-BA07-5C65B07C73AC}.Ad-Hoc|Any CPU.Build.0 = Release|Any CPU
		{5A3A938C-545C-43B9-BA07-5C65B07C73AC}.Ad-Hoc|iPhone.ActiveCfg = Release|Any CPU
		{5A3A938C-545C-43B9-BA07-5C65B07C73AC}.Ad-Hoc|iPhone.Build.0 = Release|Any CPU
		{5A3A938C-545C-43B9-BA07-5C65B07C73AC}.Ad-Hoc|iPhoneSimulator.ActiveCfg = Release|Any CPU
		{5A3A938C-545C-43B9-BA07-5C65B07C73AC}.Ad-Hoc|iPhoneSimulator.Build.0 = Release|Any CPU
		{5A3A938C-545C-43B9-BA07-5C65B07C73AC}.Ad-Hoc|x86.ActiveCfg = Release|Any CPU
		{5A3A938C-545C-43B9-BA07-5C65B07C73AC}.Ad-Hoc|x86.Build.0 = Release|Any CPU
		{5A3A938C-545C-43B9-BA07-5C65B07C73AC}.AppStore|Any CPU.ActiveCfg = Release|Any CPU
		{5A3A938C-545C-43B9-BA07-5C65B07C73AC}.AppStore|Any CPU.Build.0 = Release|Any CPU
		{5A3A938C-545C-43B9-BA07-5C65B07C73AC}.AppStore|iPhone.ActiveCfg = Release|Any CPU
		{5A3A938C-545C-43B9-BA07-5C65B07C73AC}.AppStore|iPhone.Build.0 = Release|Any CPU
		{5A3A938C-545C-43B9-BA07-5C65B07C73AC}.AppStore|iPhoneSimulator.ActiveCfg = Release|Any CPU
		{5A3A938C-545C-43B9-BA07-5C65B07C73AC}.AppStore|iPhoneSimulator.Build.0 = Release|Any CPU
		{5A3A938C-545C-43B9-BA07-5C65B07C73AC}.AppStore|x86.ActiveCfg = Release|Any CPU
		{5A3A938C-545C-43B9-BA07-5C65B07C73AC}.AppStore|x86.Build.0 = Release|Any CPU
		{5A3A938C-545C-43B9-BA07-5C65B07C73AC}.Debug|Any CPU.ActiveCfg = Debug|Any CPU
		{5A3A938C-545C-43B9-BA07-5C65B07C73AC}.Debug|Any CPU.Build.0 = Debug|Any CPU
		{5A3A938C-545C-43B9-BA07-5C65B07C73AC}.Debug|iPhone.ActiveCfg = Debug|Any CPU
		{5A3A938C-545C-43B9-BA07-5C65B07C73AC}.Debug|iPhone.Build.0 = Debug|Any CPU
		{5A3A938C-545C-43B9-BA07-5C65B07C73AC}.Debug|iPhoneSimulator.ActiveCfg = Debug|Any CPU
		{5A3A938C-545C-43B9-BA07-5C65B07C73AC}.Debug|iPhoneSimulator.Build.0 = Debug|Any CPU
		{5A3A938C-545C-43B9-BA07-5C65B07C73AC}.Debug|x86.ActiveCfg = Debug|Any CPU
		{5A3A938C-545C-43B9-BA07-5C65B07C73AC}.Debug|x86.Build.0 = Debug|Any CPU
		{5A3A938C-545C-43B9-BA07-5C65B07C73AC}.Release|Any CPU.ActiveCfg = Release|Any CPU
		{5A3A938C-545C-43B9-BA07-5C65B07C73AC}.Release|Any CPU.Build.0 = Release|Any CPU
		{5A3A938C-545C-43B9-BA07-5C65B07C73AC}.Release|iPhone.ActiveCfg = Release|Any CPU
		{5A3A938C-545C-43B9-BA07-5C65B07C73AC}.Release|iPhone.Build.0 = Release|Any CPU
		{5A3A938C-545C-43B9-BA07-5C65B07C73AC}.Release|iPhoneSimulator.ActiveCfg = Release|Any CPU
		{5A3A938C-545C-43B9-BA07-5C65B07C73AC}.Release|iPhoneSimulator.Build.0 = Release|Any CPU
		{5A3A938C-545C-43B9-BA07-5C65B07C73AC}.Release|x86.ActiveCfg = Release|Any CPU
		{5A3A938C-545C-43B9-BA07-5C65B07C73AC}.Release|x86.Build.0 = Release|Any CPU
		{6E682A14-C872-4813-B620-76E108DEA683}.Ad-Hoc|Any CPU.ActiveCfg = Release|Any CPU
		{6E682A14-C872-4813-B620-76E108DEA683}.Ad-Hoc|Any CPU.Build.0 = Release|Any CPU
		{6E682A14-C872-4813-B620-76E108DEA683}.Ad-Hoc|iPhone.ActiveCfg = Release|Any CPU
		{6E682A14-C872-4813-B620-76E108DEA683}.Ad-Hoc|iPhone.Build.0 = Release|Any CPU
		{6E682A14-C872-4813-B620-76E108DEA683}.Ad-Hoc|iPhoneSimulator.ActiveCfg = Release|Any CPU
		{6E682A14-C872-4813-B620-76E108DEA683}.Ad-Hoc|iPhoneSimulator.Build.0 = Release|Any CPU
		{6E682A14-C872-4813-B620-76E108DEA683}.Ad-Hoc|x86.ActiveCfg = Release|x86
		{6E682A14-C872-4813-B620-76E108DEA683}.Ad-Hoc|x86.Build.0 = Release|x86
		{6E682A14-C872-4813-B620-76E108DEA683}.AppStore|Any CPU.ActiveCfg = Release|Any CPU
		{6E682A14-C872-4813-B620-76E108DEA683}.AppStore|Any CPU.Build.0 = Release|Any CPU
		{6E682A14-C872-4813-B620-76E108DEA683}.AppStore|iPhone.ActiveCfg = Release|Any CPU
		{6E682A14-C872-4813-B620-76E108DEA683}.AppStore|iPhone.Build.0 = Release|Any CPU
		{6E682A14-C872-4813-B620-76E108DEA683}.AppStore|iPhoneSimulator.ActiveCfg = Release|Any CPU
		{6E682A14-C872-4813-B620-76E108DEA683}.AppStore|iPhoneSimulator.Build.0 = Release|Any CPU
		{6E682A14-C872-4813-B620-76E108DEA683}.AppStore|x86.ActiveCfg = Release|x86
		{6E682A14-C872-4813-B620-76E108DEA683}.AppStore|x86.Build.0 = Release|x86
		{6E682A14-C872-4813-B620-76E108DEA683}.Debug|Any CPU.ActiveCfg = Debug|Any CPU
		{6E682A14-C872-4813-B620-76E108DEA683}.Debug|Any CPU.Build.0 = Debug|Any CPU
		{6E682A14-C872-4813-B620-76E108DEA683}.Debug|iPhone.ActiveCfg = Debug|Any CPU
		{6E682A14-C872-4813-B620-76E108DEA683}.Debug|iPhone.Build.0 = Debug|Any CPU
		{6E682A14-C872-4813-B620-76E108DEA683}.Debug|iPhoneSimulator.ActiveCfg = Debug|Any CPU
		{6E682A14-C872-4813-B620-76E108DEA683}.Debug|iPhoneSimulator.Build.0 = Debug|Any CPU
		{6E682A14-C872-4813-B620-76E108DEA683}.Debug|x86.ActiveCfg = Debug|x86
		{6E682A14-C872-4813-B620-76E108DEA683}.Debug|x86.Build.0 = Debug|x86
		{6E682A14-C872-4813-B620-76E108DEA683}.Release|Any CPU.ActiveCfg = Release|Any CPU
		{6E682A14-C872-4813-B620-76E108DEA683}.Release|Any CPU.Build.0 = Release|Any CPU
		{6E682A14-C872-4813-B620-76E108DEA683}.Release|iPhone.ActiveCfg = Release|Any CPU
		{6E682A14-C872-4813-B620-76E108DEA683}.Release|iPhone.Build.0 = Release|Any CPU
		{6E682A14-C872-4813-B620-76E108DEA683}.Release|iPhoneSimulator.ActiveCfg = Release|Any CPU
		{6E682A14-C872-4813-B620-76E108DEA683}.Release|iPhoneSimulator.Build.0 = Release|Any CPU
		{6E682A14-C872-4813-B620-76E108DEA683}.Release|x86.ActiveCfg = Release|x86
		{6E682A14-C872-4813-B620-76E108DEA683}.Release|x86.Build.0 = Release|x86
		{96608CDD-C8BD-407B-8C18-6A242350337D}.Ad-Hoc|Any CPU.ActiveCfg = Release|Any CPU
		{96608CDD-C8BD-407B-8C18-6A242350337D}.Ad-Hoc|Any CPU.Build.0 = Release|Any CPU
		{96608CDD-C8BD-407B-8C18-6A242350337D}.Ad-Hoc|iPhone.ActiveCfg = Release|Any CPU
		{96608CDD-C8BD-407B-8C18-6A242350337D}.Ad-Hoc|iPhone.Build.0 = Release|Any CPU
		{96608CDD-C8BD-407B-8C18-6A242350337D}.Ad-Hoc|iPhoneSimulator.ActiveCfg = Release|Any CPU
		{96608CDD-C8BD-407B-8C18-6A242350337D}.Ad-Hoc|iPhoneSimulator.Build.0 = Release|Any CPU
		{96608CDD-C8BD-407B-8C18-6A242350337D}.Ad-Hoc|x86.ActiveCfg = Release|Any CPU
		{96608CDD-C8BD-407B-8C18-6A242350337D}.Ad-Hoc|x86.Build.0 = Release|Any CPU
		{96608CDD-C8BD-407B-8C18-6A242350337D}.AppStore|Any CPU.ActiveCfg = Release|Any CPU
		{96608CDD-C8BD-407B-8C18-6A242350337D}.AppStore|Any CPU.Build.0 = Release|Any CPU
		{96608CDD-C8BD-407B-8C18-6A242350337D}.AppStore|iPhone.ActiveCfg = Release|Any CPU
		{96608CDD-C8BD-407B-8C18-6A242350337D}.AppStore|iPhone.Build.0 = Release|Any CPU
		{96608CDD-C8BD-407B-8C18-6A242350337D}.AppStore|iPhoneSimulator.ActiveCfg = Release|Any CPU
		{96608CDD-C8BD-407B-8C18-6A242350337D}.AppStore|iPhoneSimulator.Build.0 = Release|Any CPU
		{96608CDD-C8BD-407B-8C18-6A242350337D}.AppStore|x86.ActiveCfg = Release|Any CPU
		{96608CDD-C8BD-407B-8C18-6A242350337D}.AppStore|x86.Build.0 = Release|Any CPU
		{96608CDD-C8BD-407B-8C18-6A242350337D}.Debug|Any CPU.ActiveCfg = Debug|Any CPU
		{96608CDD-C8BD-407B-8C18-6A242350337D}.Debug|Any CPU.Build.0 = Debug|Any CPU
		{96608CDD-C8BD-407B-8C18-6A242350337D}.Debug|iPhone.ActiveCfg = Debug|Any CPU
		{96608CDD-C8BD-407B-8C18-6A242350337D}.Debug|iPhone.Build.0 = Debug|Any CPU
		{96608CDD-C8BD-407B-8C18-6A242350337D}.Debug|iPhoneSimulator.ActiveCfg = Debug|Any CPU
		{96608CDD-C8BD-407B-8C18-6A242350337D}.Debug|iPhoneSimulator.Build.0 = Debug|Any CPU
		{96608CDD-C8BD-407B-8C18-6A242350337D}.Debug|x86.ActiveCfg = Debug|Any CPU
		{96608CDD-C8BD-407B-8C18-6A242350337D}.Debug|x86.Build.0 = Debug|Any CPU
		{96608CDD-C8BD-407B-8C18-6A242350337D}.Release|Any CPU.ActiveCfg = Release|Any CPU
		{96608CDD-C8BD-407B-8C18-6A242350337D}.Release|Any CPU.Build.0 = Release|Any CPU
		{96608CDD-C8BD-407B-8C18-6A242350337D}.Release|iPhone.ActiveCfg = Release|Any CPU
		{96608CDD-C8BD-407B-8C18-6A242350337D}.Release|iPhone.Build.0 = Release|Any CPU
		{96608CDD-C8BD-407B-8C18-6A242350337D}.Release|iPhoneSimulator.ActiveCfg = Release|Any CPU
		{96608CDD-C8BD-407B-8C18-6A242350337D}.Release|iPhoneSimulator.Build.0 = Release|Any CPU
		{96608CDD-C8BD-407B-8C18-6A242350337D}.Release|x86.ActiveCfg = Release|Any CPU
		{96608CDD-C8BD-407B-8C18-6A242350337D}.Release|x86.Build.0 = Release|Any CPU
		{F68A1D19-93FB-47C1-A22B-42BEA3E4FD8C}.Ad-Hoc|Any CPU.ActiveCfg = Release|Any CPU
		{F68A1D19-93FB-47C1-A22B-42BEA3E4FD8C}.Ad-Hoc|Any CPU.Build.0 = Release|Any CPU
		{F68A1D19-93FB-47C1-A22B-42BEA3E4FD8C}.Ad-Hoc|iPhone.ActiveCfg = Release|Any CPU
		{F68A1D19-93FB-47C1-A22B-42BEA3E4FD8C}.Ad-Hoc|iPhone.Build.0 = Release|Any CPU
		{F68A1D19-93FB-47C1-A22B-42BEA3E4FD8C}.Ad-Hoc|iPhoneSimulator.ActiveCfg = Release|Any CPU
		{F68A1D19-93FB-47C1-A22B-42BEA3E4FD8C}.Ad-Hoc|iPhoneSimulator.Build.0 = Release|Any CPU
		{F68A1D19-93FB-47C1-A22B-42BEA3E4FD8C}.Ad-Hoc|x86.ActiveCfg = Release|Any CPU
		{F68A1D19-93FB-47C1-A22B-42BEA3E4FD8C}.Ad-Hoc|x86.Build.0 = Release|Any CPU
		{F68A1D19-93FB-47C1-A22B-42BEA3E4FD8C}.AppStore|Any CPU.ActiveCfg = Release|Any CPU
		{F68A1D19-93FB-47C1-A22B-42BEA3E4FD8C}.AppStore|Any CPU.Build.0 = Release|Any CPU
		{F68A1D19-93FB-47C1-A22B-42BEA3E4FD8C}.AppStore|iPhone.ActiveCfg = Release|Any CPU
		{F68A1D19-93FB-47C1-A22B-42BEA3E4FD8C}.AppStore|iPhone.Build.0 = Release|Any CPU
		{F68A1D19-93FB-47C1-A22B-42BEA3E4FD8C}.AppStore|iPhoneSimulator.ActiveCfg = Release|Any CPU
		{F68A1D19-93FB-47C1-A22B-42BEA3E4FD8C}.AppStore|iPhoneSimulator.Build.0 = Release|Any CPU
		{F68A1D19-93FB-47C1-A22B-42BEA3E4FD8C}.AppStore|x86.ActiveCfg = Release|Any CPU
		{F68A1D19-93FB-47C1-A22B-42BEA3E4FD8C}.AppStore|x86.Build.0 = Release|Any CPU
		{F68A1D19-93FB-47C1-A22B-42BEA3E4FD8C}.Debug|Any CPU.ActiveCfg = Debug|Any CPU
		{F68A1D19-93FB-47C1-A22B-42BEA3E4FD8C}.Debug|Any CPU.Build.0 = Debug|Any CPU
		{F68A1D19-93FB-47C1-A22B-42BEA3E4FD8C}.Debug|iPhone.ActiveCfg = Debug|Any CPU
		{F68A1D19-93FB-47C1-A22B-42BEA3E4FD8C}.Debug|iPhone.Build.0 = Debug|Any CPU
		{F68A1D19-93FB-47C1-A22B-42BEA3E4FD8C}.Debug|iPhoneSimulator.ActiveCfg = Debug|Any CPU
		{F68A1D19-93FB-47C1-A22B-42BEA3E4FD8C}.Debug|iPhoneSimulator.Build.0 = Debug|Any CPU
		{F68A1D19-93FB-47C1-A22B-42BEA3E4FD8C}.Debug|x86.ActiveCfg = Debug|Any CPU
		{F68A1D19-93FB-47C1-A22B-42BEA3E4FD8C}.Debug|x86.Build.0 = Debug|Any CPU
		{F68A1D19-93FB-47C1-A22B-42BEA3E4FD8C}.Release|Any CPU.ActiveCfg = Release|Any CPU
		{F68A1D19-93FB-47C1-A22B-42BEA3E4FD8C}.Release|Any CPU.Build.0 = Release|Any CPU
		{F68A1D19-93FB-47C1-A22B-42BEA3E4FD8C}.Release|iPhone.ActiveCfg = Release|Any CPU
		{F68A1D19-93FB-47C1-A22B-42BEA3E4FD8C}.Release|iPhone.Build.0 = Release|Any CPU
		{F68A1D19-93FB-47C1-A22B-42BEA3E4FD8C}.Release|iPhoneSimulator.ActiveCfg = Release|Any CPU
		{F68A1D19-93FB-47C1-A22B-42BEA3E4FD8C}.Release|iPhoneSimulator.Build.0 = Release|Any CPU
		{F68A1D19-93FB-47C1-A22B-42BEA3E4FD8C}.Release|x86.ActiveCfg = Release|Any CPU
		{F68A1D19-93FB-47C1-A22B-42BEA3E4FD8C}.Release|x86.Build.0 = Release|Any CPU
		{5AB7261D-F74C-4853-BD70-4EB2239B89F9}.Ad-Hoc|Any CPU.ActiveCfg = Release|Any CPU
		{5AB7261D-F74C-4853-BD70-4EB2239B89F9}.Ad-Hoc|Any CPU.Build.0 = Release|Any CPU
		{5AB7261D-F74C-4853-BD70-4EB2239B89F9}.Ad-Hoc|iPhone.ActiveCfg = Release|Any CPU
		{5AB7261D-F74C-4853-BD70-4EB2239B89F9}.Ad-Hoc|iPhone.Build.0 = Release|Any CPU
		{5AB7261D-F74C-4853-BD70-4EB2239B89F9}.Ad-Hoc|iPhoneSimulator.ActiveCfg = Release|Any CPU
		{5AB7261D-F74C-4853-BD70-4EB2239B89F9}.Ad-Hoc|iPhoneSimulator.Build.0 = Release|Any CPU
		{5AB7261D-F74C-4853-BD70-4EB2239B89F9}.Ad-Hoc|x86.ActiveCfg = Release|Any CPU
		{5AB7261D-F74C-4853-BD70-4EB2239B89F9}.Ad-Hoc|x86.Build.0 = Release|Any CPU
		{5AB7261D-F74C-4853-BD70-4EB2239B89F9}.AppStore|Any CPU.ActiveCfg = Release|Any CPU
		{5AB7261D-F74C-4853-BD70-4EB2239B89F9}.AppStore|Any CPU.Build.0 = Release|Any CPU
		{5AB7261D-F74C-4853-BD70-4EB2239B89F9}.AppStore|iPhone.ActiveCfg = Release|Any CPU
		{5AB7261D-F74C-4853-BD70-4EB2239B89F9}.AppStore|iPhone.Build.0 = Release|Any CPU
		{5AB7261D-F74C-4853-BD70-4EB2239B89F9}.AppStore|iPhoneSimulator.ActiveCfg = Release|Any CPU
		{5AB7261D-F74C-4853-BD70-4EB2239B89F9}.AppStore|iPhoneSimulator.Build.0 = Release|Any CPU
		{5AB7261D-F74C-4853-BD70-4EB2239B89F9}.AppStore|x86.ActiveCfg = Release|Any CPU
		{5AB7261D-F74C-4853-BD70-4EB2239B89F9}.AppStore|x86.Build.0 = Release|Any CPU
		{5AB7261D-F74C-4853-BD70-4EB2239B89F9}.Debug|Any CPU.ActiveCfg = Debug|Any CPU
		{5AB7261D-F74C-4853-BD70-4EB2239B89F9}.Debug|Any CPU.Build.0 = Debug|Any CPU
		{5AB7261D-F74C-4853-BD70-4EB2239B89F9}.Debug|iPhone.ActiveCfg = Debug|Any CPU
		{5AB7261D-F74C-4853-BD70-4EB2239B89F9}.Debug|iPhone.Build.0 = Debug|Any CPU
		{5AB7261D-F74C-4853-BD70-4EB2239B89F9}.Debug|iPhoneSimulator.ActiveCfg = Debug|Any CPU
		{5AB7261D-F74C-4853-BD70-4EB2239B89F9}.Debug|iPhoneSimulator.Build.0 = Debug|Any CPU
		{5AB7261D-F74C-4853-BD70-4EB2239B89F9}.Debug|x86.ActiveCfg = Debug|Any CPU
		{5AB7261D-F74C-4853-BD70-4EB2239B89F9}.Debug|x86.Build.0 = Debug|Any CPU
		{5AB7261D-F74C-4853-BD70-4EB2239B89F9}.Release|Any CPU.ActiveCfg = Release|Any CPU
		{5AB7261D-F74C-4853-BD70-4EB2239B89F9}.Release|Any CPU.Build.0 = Release|Any CPU
		{5AB7261D-F74C-4853-BD70-4EB2239B89F9}.Release|iPhone.ActiveCfg = Release|Any CPU
		{5AB7261D-F74C-4853-BD70-4EB2239B89F9}.Release|iPhone.Build.0 = Release|Any CPU
		{5AB7261D-F74C-4853-BD70-4EB2239B89F9}.Release|iPhoneSimulator.ActiveCfg = Release|Any CPU
		{5AB7261D-F74C-4853-BD70-4EB2239B89F9}.Release|iPhoneSimulator.Build.0 = Release|Any CPU
		{5AB7261D-F74C-4853-BD70-4EB2239B89F9}.Release|x86.ActiveCfg = Release|Any CPU
		{5AB7261D-F74C-4853-BD70-4EB2239B89F9}.Release|x86.Build.0 = Release|Any CPU
		{8B0D379F-96DD-425F-9793-8DE51FDC8706}.Ad-Hoc|Any CPU.ActiveCfg = Release|Any CPU
		{8B0D379F-96DD-425F-9793-8DE51FDC8706}.Ad-Hoc|Any CPU.Build.0 = Release|Any CPU
		{8B0D379F-96DD-425F-9793-8DE51FDC8706}.Ad-Hoc|iPhone.ActiveCfg = Release|Any CPU
		{8B0D379F-96DD-425F-9793-8DE51FDC8706}.Ad-Hoc|iPhone.Build.0 = Release|Any CPU
		{8B0D379F-96DD-425F-9793-8DE51FDC8706}.Ad-Hoc|iPhoneSimulator.ActiveCfg = Release|Any CPU
		{8B0D379F-96DD-425F-9793-8DE51FDC8706}.Ad-Hoc|iPhoneSimulator.Build.0 = Release|Any CPU
		{8B0D379F-96DD-425F-9793-8DE51FDC8706}.Ad-Hoc|x86.ActiveCfg = Release|Any CPU
		{8B0D379F-96DD-425F-9793-8DE51FDC8706}.Ad-Hoc|x86.Build.0 = Release|Any CPU
		{8B0D379F-96DD-425F-9793-8DE51FDC8706}.AppStore|Any CPU.ActiveCfg = Release|Any CPU
		{8B0D379F-96DD-425F-9793-8DE51FDC8706}.AppStore|Any CPU.Build.0 = Release|Any CPU
		{8B0D379F-96DD-425F-9793-8DE51FDC8706}.AppStore|iPhone.ActiveCfg = Release|Any CPU
		{8B0D379F-96DD-425F-9793-8DE51FDC8706}.AppStore|iPhone.Build.0 = Release|Any CPU
		{8B0D379F-96DD-425F-9793-8DE51FDC8706}.AppStore|iPhoneSimulator.ActiveCfg = Release|Any CPU
		{8B0D379F-96DD-425F-9793-8DE51FDC8706}.AppStore|iPhoneSimulator.Build.0 = Release|Any CPU
		{8B0D379F-96DD-425F-9793-8DE51FDC8706}.AppStore|x86.ActiveCfg = Release|Any CPU
		{8B0D379F-96DD-425F-9793-8DE51FDC8706}.AppStore|x86.Build.0 = Release|Any CPU
		{8B0D379F-96DD-425F-9793-8DE51FDC8706}.Debug|Any CPU.ActiveCfg = Debug|Any CPU
		{8B0D379F-96DD-425F-9793-8DE51FDC8706}.Debug|Any CPU.Build.0 = Debug|Any CPU
		{8B0D379F-96DD-425F-9793-8DE51FDC8706}.Debug|iPhone.ActiveCfg = Debug|Any CPU
		{8B0D379F-96DD-425F-9793-8DE51FDC8706}.Debug|iPhone.Build.0 = Debug|Any CPU
		{8B0D379F-96DD-425F-9793-8DE51FDC8706}.Debug|iPhoneSimulator.ActiveCfg = Debug|Any CPU
		{8B0D379F-96DD-425F-9793-8DE51FDC8706}.Debug|iPhoneSimulator.Build.0 = Debug|Any CPU
		{8B0D379F-96DD-425F-9793-8DE51FDC8706}.Debug|x86.ActiveCfg = Debug|Any CPU
		{8B0D379F-96DD-425F-9793-8DE51FDC8706}.Debug|x86.Build.0 = Debug|Any CPU
		{8B0D379F-96DD-425F-9793-8DE51FDC8706}.Release|Any CPU.ActiveCfg = Release|Any CPU
		{8B0D379F-96DD-425F-9793-8DE51FDC8706}.Release|Any CPU.Build.0 = Release|Any CPU
		{8B0D379F-96DD-425F-9793-8DE51FDC8706}.Release|iPhone.ActiveCfg = Release|Any CPU
		{8B0D379F-96DD-425F-9793-8DE51FDC8706}.Release|iPhone.Build.0 = Release|Any CPU
		{8B0D379F-96DD-425F-9793-8DE51FDC8706}.Release|iPhoneSimulator.ActiveCfg = Release|Any CPU
		{8B0D379F-96DD-425F-9793-8DE51FDC8706}.Release|iPhoneSimulator.Build.0 = Release|Any CPU
		{8B0D379F-96DD-425F-9793-8DE51FDC8706}.Release|x86.ActiveCfg = Release|Any CPU
		{8B0D379F-96DD-425F-9793-8DE51FDC8706}.Release|x86.Build.0 = Release|Any CPU
		{15BEF417-17CE-410C-BF6F-6F1E5156DE8A}.Ad-Hoc|Any CPU.ActiveCfg = Release|Any CPU
		{15BEF417-17CE-410C-BF6F-6F1E5156DE8A}.Ad-Hoc|Any CPU.Build.0 = Release|Any CPU
		{15BEF417-17CE-410C-BF6F-6F1E5156DE8A}.Ad-Hoc|iPhone.ActiveCfg = Release|Any CPU
		{15BEF417-17CE-410C-BF6F-6F1E5156DE8A}.Ad-Hoc|iPhone.Build.0 = Release|Any CPU
		{15BEF417-17CE-410C-BF6F-6F1E5156DE8A}.Ad-Hoc|iPhoneSimulator.ActiveCfg = Release|Any CPU
		{15BEF417-17CE-410C-BF6F-6F1E5156DE8A}.Ad-Hoc|iPhoneSimulator.Build.0 = Release|Any CPU
		{15BEF417-17CE-410C-BF6F-6F1E5156DE8A}.Ad-Hoc|x86.ActiveCfg = Release|Any CPU
		{15BEF417-17CE-410C-BF6F-6F1E5156DE8A}.Ad-Hoc|x86.Build.0 = Release|Any CPU
		{15BEF417-17CE-410C-BF6F-6F1E5156DE8A}.AppStore|Any CPU.ActiveCfg = Release|Any CPU
		{15BEF417-17CE-410C-BF6F-6F1E5156DE8A}.AppStore|Any CPU.Build.0 = Release|Any CPU
		{15BEF417-17CE-410C-BF6F-6F1E5156DE8A}.AppStore|iPhone.ActiveCfg = Release|Any CPU
		{15BEF417-17CE-410C-BF6F-6F1E5156DE8A}.AppStore|iPhone.Build.0 = Release|Any CPU
		{15BEF417-17CE-410C-BF6F-6F1E5156DE8A}.AppStore|iPhoneSimulator.ActiveCfg = Release|Any CPU
		{15BEF417-17CE-410C-BF6F-6F1E5156DE8A}.AppStore|iPhoneSimulator.Build.0 = Release|Any CPU
		{15BEF417-17CE-410C-BF6F-6F1E5156DE8A}.AppStore|x86.ActiveCfg = Release|Any CPU
		{15BEF417-17CE-410C-BF6F-6F1E5156DE8A}.AppStore|x86.Build.0 = Release|Any CPU
		{15BEF417-17CE-410C-BF6F-6F1E5156DE8A}.Debug|Any CPU.ActiveCfg = Debug|Any CPU
		{15BEF417-17CE-410C-BF6F-6F1E5156DE8A}.Debug|Any CPU.Build.0 = Debug|Any CPU
		{15BEF417-17CE-410C-BF6F-6F1E5156DE8A}.Debug|iPhone.ActiveCfg = Debug|Any CPU
		{15BEF417-17CE-410C-BF6F-6F1E5156DE8A}.Debug|iPhone.Build.0 = Debug|Any CPU
		{15BEF417-17CE-410C-BF6F-6F1E5156DE8A}.Debug|iPhoneSimulator.ActiveCfg = Debug|Any CPU
		{15BEF417-17CE-410C-BF6F-6F1E5156DE8A}.Debug|iPhoneSimulator.Build.0 = Debug|Any CPU
		{15BEF417-17CE-410C-BF6F-6F1E5156DE8A}.Debug|x86.ActiveCfg = Debug|Any CPU
		{15BEF417-17CE-410C-BF6F-6F1E5156DE8A}.Debug|x86.Build.0 = Debug|Any CPU
		{15BEF417-17CE-410C-BF6F-6F1E5156DE8A}.Release|Any CPU.ActiveCfg = Release|Any CPU
		{15BEF417-17CE-410C-BF6F-6F1E5156DE8A}.Release|Any CPU.Build.0 = Release|Any CPU
		{15BEF417-17CE-410C-BF6F-6F1E5156DE8A}.Release|iPhone.ActiveCfg = Release|Any CPU
		{15BEF417-17CE-410C-BF6F-6F1E5156DE8A}.Release|iPhone.Build.0 = Release|Any CPU
		{15BEF417-17CE-410C-BF6F-6F1E5156DE8A}.Release|iPhoneSimulator.ActiveCfg = Release|Any CPU
		{15BEF417-17CE-410C-BF6F-6F1E5156DE8A}.Release|iPhoneSimulator.Build.0 = Release|Any CPU
		{15BEF417-17CE-410C-BF6F-6F1E5156DE8A}.Release|x86.ActiveCfg = Release|Any CPU
		{15BEF417-17CE-410C-BF6F-6F1E5156DE8A}.Release|x86.Build.0 = Release|Any CPU
		{67988C5A-E33C-4811-A316-69416EED5FBD}.Ad-Hoc|Any CPU.ActiveCfg = Release|Any CPU
		{67988C5A-E33C-4811-A316-69416EED5FBD}.Ad-Hoc|Any CPU.Build.0 = Release|Any CPU
		{67988C5A-E33C-4811-A316-69416EED5FBD}.Ad-Hoc|iPhone.ActiveCfg = Release|Any CPU
		{67988C5A-E33C-4811-A316-69416EED5FBD}.Ad-Hoc|iPhone.Build.0 = Release|Any CPU
		{67988C5A-E33C-4811-A316-69416EED5FBD}.Ad-Hoc|iPhoneSimulator.ActiveCfg = Release|Any CPU
		{67988C5A-E33C-4811-A316-69416EED5FBD}.Ad-Hoc|iPhoneSimulator.Build.0 = Release|Any CPU
		{67988C5A-E33C-4811-A316-69416EED5FBD}.Ad-Hoc|x86.ActiveCfg = Release|Any CPU
		{67988C5A-E33C-4811-A316-69416EED5FBD}.Ad-Hoc|x86.Build.0 = Release|Any CPU
		{67988C5A-E33C-4811-A316-69416EED5FBD}.AppStore|Any CPU.ActiveCfg = Release|Any CPU
		{67988C5A-E33C-4811-A316-69416EED5FBD}.AppStore|Any CPU.Build.0 = Release|Any CPU
		{67988C5A-E33C-4811-A316-69416EED5FBD}.AppStore|iPhone.ActiveCfg = Release|Any CPU
		{67988C5A-E33C-4811-A316-69416EED5FBD}.AppStore|iPhone.Build.0 = Release|Any CPU
		{67988C5A-E33C-4811-A316-69416EED5FBD}.AppStore|iPhoneSimulator.ActiveCfg = Release|Any CPU
		{67988C5A-E33C-4811-A316-69416EED5FBD}.AppStore|iPhoneSimulator.Build.0 = Release|Any CPU
		{67988C5A-E33C-4811-A316-69416EED5FBD}.AppStore|x86.ActiveCfg = Release|Any CPU
		{67988C5A-E33C-4811-A316-69416EED5FBD}.AppStore|x86.Build.0 = Release|Any CPU
		{67988C5A-E33C-4811-A316-69416EED5FBD}.Debug|Any CPU.ActiveCfg = Debug|Any CPU
		{67988C5A-E33C-4811-A316-69416EED5FBD}.Debug|Any CPU.Build.0 = Debug|Any CPU
		{67988C5A-E33C-4811-A316-69416EED5FBD}.Debug|iPhone.ActiveCfg = Debug|Any CPU
		{67988C5A-E33C-4811-A316-69416EED5FBD}.Debug|iPhone.Build.0 = Debug|Any CPU
		{67988C5A-E33C-4811-A316-69416EED5FBD}.Debug|iPhoneSimulator.ActiveCfg = Debug|Any CPU
		{67988C5A-E33C-4811-A316-69416EED5FBD}.Debug|iPhoneSimulator.Build.0 = Debug|Any CPU
		{67988C5A-E33C-4811-A316-69416EED5FBD}.Debug|x86.ActiveCfg = Debug|Any CPU
		{67988C5A-E33C-4811-A316-69416EED5FBD}.Debug|x86.Build.0 = Debug|Any CPU
		{67988C5A-E33C-4811-A316-69416EED5FBD}.Release|Any CPU.ActiveCfg = Release|Any CPU
		{67988C5A-E33C-4811-A316-69416EED5FBD}.Release|Any CPU.Build.0 = Release|Any CPU
		{67988C5A-E33C-4811-A316-69416EED5FBD}.Release|iPhone.ActiveCfg = Release|Any CPU
		{67988C5A-E33C-4811-A316-69416EED5FBD}.Release|iPhone.Build.0 = Release|Any CPU
		{67988C5A-E33C-4811-A316-69416EED5FBD}.Release|iPhoneSimulator.ActiveCfg = Release|Any CPU
		{67988C5A-E33C-4811-A316-69416EED5FBD}.Release|iPhoneSimulator.Build.0 = Release|Any CPU
		{67988C5A-E33C-4811-A316-69416EED5FBD}.Release|x86.ActiveCfg = Release|Any CPU
		{67988C5A-E33C-4811-A316-69416EED5FBD}.Release|x86.Build.0 = Release|Any CPU
		{6E57809C-FCFA-4818-9DF8-93162E451ED0}.Ad-Hoc|Any CPU.ActiveCfg = Release|Any CPU
		{6E57809C-FCFA-4818-9DF8-93162E451ED0}.Ad-Hoc|Any CPU.Build.0 = Release|Any CPU
		{6E57809C-FCFA-4818-9DF8-93162E451ED0}.Ad-Hoc|iPhone.ActiveCfg = Release|Any CPU
		{6E57809C-FCFA-4818-9DF8-93162E451ED0}.Ad-Hoc|iPhone.Build.0 = Release|Any CPU
		{6E57809C-FCFA-4818-9DF8-93162E451ED0}.Ad-Hoc|iPhoneSimulator.ActiveCfg = Release|Any CPU
		{6E57809C-FCFA-4818-9DF8-93162E451ED0}.Ad-Hoc|iPhoneSimulator.Build.0 = Release|Any CPU
		{6E57809C-FCFA-4818-9DF8-93162E451ED0}.Ad-Hoc|x86.ActiveCfg = Release|Any CPU
		{6E57809C-FCFA-4818-9DF8-93162E451ED0}.Ad-Hoc|x86.Build.0 = Release|Any CPU
		{6E57809C-FCFA-4818-9DF8-93162E451ED0}.AppStore|Any CPU.ActiveCfg = Release|Any CPU
		{6E57809C-FCFA-4818-9DF8-93162E451ED0}.AppStore|Any CPU.Build.0 = Release|Any CPU
		{6E57809C-FCFA-4818-9DF8-93162E451ED0}.AppStore|iPhone.ActiveCfg = Release|Any CPU
		{6E57809C-FCFA-4818-9DF8-93162E451ED0}.AppStore|iPhone.Build.0 = Release|Any CPU
		{6E57809C-FCFA-4818-9DF8-93162E451ED0}.AppStore|iPhoneSimulator.ActiveCfg = Release|Any CPU
		{6E57809C-FCFA-4818-9DF8-93162E451ED0}.AppStore|iPhoneSimulator.Build.0 = Release|Any CPU
		{6E57809C-FCFA-4818-9DF8-93162E451ED0}.AppStore|x86.ActiveCfg = Release|Any CPU
		{6E57809C-FCFA-4818-9DF8-93162E451ED0}.AppStore|x86.Build.0 = Release|Any CPU
		{6E57809C-FCFA-4818-9DF8-93162E451ED0}.Debug|Any CPU.ActiveCfg = Debug|Any CPU
		{6E57809C-FCFA-4818-9DF8-93162E451ED0}.Debug|Any CPU.Build.0 = Debug|Any CPU
		{6E57809C-FCFA-4818-9DF8-93162E451ED0}.Debug|iPhone.ActiveCfg = Debug|Any CPU
		{6E57809C-FCFA-4818-9DF8-93162E451ED0}.Debug|iPhone.Build.0 = Debug|Any CPU
		{6E57809C-FCFA-4818-9DF8-93162E451ED0}.Debug|iPhoneSimulator.ActiveCfg = Debug|Any CPU
		{6E57809C-FCFA-4818-9DF8-93162E451ED0}.Debug|iPhoneSimulator.Build.0 = Debug|Any CPU
		{6E57809C-FCFA-4818-9DF8-93162E451ED0}.Debug|x86.ActiveCfg = Debug|Any CPU
		{6E57809C-FCFA-4818-9DF8-93162E451ED0}.Debug|x86.Build.0 = Debug|Any CPU
		{6E57809C-FCFA-4818-9DF8-93162E451ED0}.Release|Any CPU.ActiveCfg = Release|Any CPU
		{6E57809C-FCFA-4818-9DF8-93162E451ED0}.Release|Any CPU.Build.0 = Release|Any CPU
		{6E57809C-FCFA-4818-9DF8-93162E451ED0}.Release|iPhone.ActiveCfg = Release|Any CPU
		{6E57809C-FCFA-4818-9DF8-93162E451ED0}.Release|iPhone.Build.0 = Release|Any CPU
		{6E57809C-FCFA-4818-9DF8-93162E451ED0}.Release|iPhoneSimulator.ActiveCfg = Release|Any CPU
		{6E57809C-FCFA-4818-9DF8-93162E451ED0}.Release|iPhoneSimulator.Build.0 = Release|Any CPU
		{6E57809C-FCFA-4818-9DF8-93162E451ED0}.Release|x86.ActiveCfg = Release|Any CPU
		{6E57809C-FCFA-4818-9DF8-93162E451ED0}.Release|x86.Build.0 = Release|Any CPU
		{E9909E52-25BE-4F82-873B-DAF2EC30DE76}.Ad-Hoc|Any CPU.ActiveCfg = Release|Any CPU
		{E9909E52-25BE-4F82-873B-DAF2EC30DE76}.Ad-Hoc|Any CPU.Build.0 = Release|Any CPU
		{E9909E52-25BE-4F82-873B-DAF2EC30DE76}.Ad-Hoc|iPhone.ActiveCfg = Release|Any CPU
		{E9909E52-25BE-4F82-873B-DAF2EC30DE76}.Ad-Hoc|iPhone.Build.0 = Release|Any CPU
		{E9909E52-25BE-4F82-873B-DAF2EC30DE76}.Ad-Hoc|iPhoneSimulator.ActiveCfg = Release|Any CPU
		{E9909E52-25BE-4F82-873B-DAF2EC30DE76}.Ad-Hoc|iPhoneSimulator.Build.0 = Release|Any CPU
		{E9909E52-25BE-4F82-873B-DAF2EC30DE76}.Ad-Hoc|x86.ActiveCfg = Release|Any CPU
		{E9909E52-25BE-4F82-873B-DAF2EC30DE76}.Ad-Hoc|x86.Build.0 = Release|Any CPU
		{E9909E52-25BE-4F82-873B-DAF2EC30DE76}.AppStore|Any CPU.ActiveCfg = Release|Any CPU
		{E9909E52-25BE-4F82-873B-DAF2EC30DE76}.AppStore|Any CPU.Build.0 = Release|Any CPU
		{E9909E52-25BE-4F82-873B-DAF2EC30DE76}.AppStore|iPhone.ActiveCfg = Release|Any CPU
		{E9909E52-25BE-4F82-873B-DAF2EC30DE76}.AppStore|iPhone.Build.0 = Release|Any CPU
		{E9909E52-25BE-4F82-873B-DAF2EC30DE76}.AppStore|iPhoneSimulator.ActiveCfg = Release|Any CPU
		{E9909E52-25BE-4F82-873B-DAF2EC30DE76}.AppStore|iPhoneSimulator.Build.0 = Release|Any CPU
		{E9909E52-25BE-4F82-873B-DAF2EC30DE76}.AppStore|x86.ActiveCfg = Release|Any CPU
		{E9909E52-25BE-4F82-873B-DAF2EC30DE76}.AppStore|x86.Build.0 = Release|Any CPU
		{E9909E52-25BE-4F82-873B-DAF2EC30DE76}.Debug|Any CPU.ActiveCfg = Debug|Any CPU
		{E9909E52-25BE-4F82-873B-DAF2EC30DE76}.Debug|Any CPU.Build.0 = Debug|Any CPU
		{E9909E52-25BE-4F82-873B-DAF2EC30DE76}.Debug|iPhone.ActiveCfg = Debug|Any CPU
		{E9909E52-25BE-4F82-873B-DAF2EC30DE76}.Debug|iPhone.Build.0 = Debug|Any CPU
		{E9909E52-25BE-4F82-873B-DAF2EC30DE76}.Debug|iPhoneSimulator.ActiveCfg = Debug|Any CPU
		{E9909E52-25BE-4F82-873B-DAF2EC30DE76}.Debug|iPhoneSimulator.Build.0 = Debug|Any CPU
		{E9909E52-25BE-4F82-873B-DAF2EC30DE76}.Debug|x86.ActiveCfg = Debug|Any CPU
		{E9909E52-25BE-4F82-873B-DAF2EC30DE76}.Debug|x86.Build.0 = Debug|Any CPU
		{E9909E52-25BE-4F82-873B-DAF2EC30DE76}.Release|Any CPU.ActiveCfg = Release|Any CPU
		{E9909E52-25BE-4F82-873B-DAF2EC30DE76}.Release|Any CPU.Build.0 = Release|Any CPU
		{E9909E52-25BE-4F82-873B-DAF2EC30DE76}.Release|iPhone.ActiveCfg = Release|Any CPU
		{E9909E52-25BE-4F82-873B-DAF2EC30DE76}.Release|iPhone.Build.0 = Release|Any CPU
		{E9909E52-25BE-4F82-873B-DAF2EC30DE76}.Release|iPhoneSimulator.ActiveCfg = Release|Any CPU
		{E9909E52-25BE-4F82-873B-DAF2EC30DE76}.Release|iPhoneSimulator.Build.0 = Release|Any CPU
		{E9909E52-25BE-4F82-873B-DAF2EC30DE76}.Release|x86.ActiveCfg = Release|Any CPU
		{E9909E52-25BE-4F82-873B-DAF2EC30DE76}.Release|x86.Build.0 = Release|Any CPU
		{BB07442C-89FF-48AA-B4A9-5413BE5D4D09}.Ad-Hoc|Any CPU.ActiveCfg = Release|Any CPU
		{BB07442C-89FF-48AA-B4A9-5413BE5D4D09}.Ad-Hoc|Any CPU.Build.0 = Release|Any CPU
		{BB07442C-89FF-48AA-B4A9-5413BE5D4D09}.Ad-Hoc|iPhone.ActiveCfg = Release|Any CPU
		{BB07442C-89FF-48AA-B4A9-5413BE5D4D09}.Ad-Hoc|iPhone.Build.0 = Release|Any CPU
		{BB07442C-89FF-48AA-B4A9-5413BE5D4D09}.Ad-Hoc|iPhoneSimulator.ActiveCfg = Release|Any CPU
		{BB07442C-89FF-48AA-B4A9-5413BE5D4D09}.Ad-Hoc|iPhoneSimulator.Build.0 = Release|Any CPU
		{BB07442C-89FF-48AA-B4A9-5413BE5D4D09}.Ad-Hoc|x86.ActiveCfg = Release|Any CPU
		{BB07442C-89FF-48AA-B4A9-5413BE5D4D09}.Ad-Hoc|x86.Build.0 = Release|Any CPU
		{BB07442C-89FF-48AA-B4A9-5413BE5D4D09}.AppStore|Any CPU.ActiveCfg = Release|Any CPU
		{BB07442C-89FF-48AA-B4A9-5413BE5D4D09}.AppStore|Any CPU.Build.0 = Release|Any CPU
		{BB07442C-89FF-48AA-B4A9-5413BE5D4D09}.AppStore|iPhone.ActiveCfg = Release|Any CPU
		{BB07442C-89FF-48AA-B4A9-5413BE5D4D09}.AppStore|iPhone.Build.0 = Release|Any CPU
		{BB07442C-89FF-48AA-B4A9-5413BE5D4D09}.AppStore|iPhoneSimulator.ActiveCfg = Release|Any CPU
		{BB07442C-89FF-48AA-B4A9-5413BE5D4D09}.AppStore|iPhoneSimulator.Build.0 = Release|Any CPU
		{BB07442C-89FF-48AA-B4A9-5413BE5D4D09}.AppStore|x86.ActiveCfg = Release|Any CPU
		{BB07442C-89FF-48AA-B4A9-5413BE5D4D09}.AppStore|x86.Build.0 = Release|Any CPU
		{BB07442C-89FF-48AA-B4A9-5413BE5D4D09}.Debug|Any CPU.ActiveCfg = Debug|Any CPU
		{BB07442C-89FF-48AA-B4A9-5413BE5D4D09}.Debug|Any CPU.Build.0 = Debug|Any CPU
		{BB07442C-89FF-48AA-B4A9-5413BE5D4D09}.Debug|iPhone.ActiveCfg = Debug|Any CPU
		{BB07442C-89FF-48AA-B4A9-5413BE5D4D09}.Debug|iPhone.Build.0 = Debug|Any CPU
		{BB07442C-89FF-48AA-B4A9-5413BE5D4D09}.Debug|iPhoneSimulator.ActiveCfg = Debug|Any CPU
		{BB07442C-89FF-48AA-B4A9-5413BE5D4D09}.Debug|iPhoneSimulator.Build.0 = Debug|Any CPU
		{BB07442C-89FF-48AA-B4A9-5413BE5D4D09}.Debug|x86.ActiveCfg = Debug|Any CPU
		{BB07442C-89FF-48AA-B4A9-5413BE5D4D09}.Debug|x86.Build.0 = Debug|Any CPU
		{BB07442C-89FF-48AA-B4A9-5413BE5D4D09}.Release|Any CPU.ActiveCfg = Release|Any CPU
		{BB07442C-89FF-48AA-B4A9-5413BE5D4D09}.Release|Any CPU.Build.0 = Release|Any CPU
		{BB07442C-89FF-48AA-B4A9-5413BE5D4D09}.Release|iPhone.ActiveCfg = Release|Any CPU
		{BB07442C-89FF-48AA-B4A9-5413BE5D4D09}.Release|iPhone.Build.0 = Release|Any CPU
		{BB07442C-89FF-48AA-B4A9-5413BE5D4D09}.Release|iPhoneSimulator.ActiveCfg = Release|Any CPU
		{BB07442C-89FF-48AA-B4A9-5413BE5D4D09}.Release|iPhoneSimulator.Build.0 = Release|Any CPU
		{BB07442C-89FF-48AA-B4A9-5413BE5D4D09}.Release|x86.ActiveCfg = Release|Any CPU
		{BB07442C-89FF-48AA-B4A9-5413BE5D4D09}.Release|x86.Build.0 = Release|Any CPU
		{75316B54-9639-4CA9-9159-252A8F8026E3}.Ad-Hoc|Any CPU.ActiveCfg = Release|Any CPU
		{75316B54-9639-4CA9-9159-252A8F8026E3}.Ad-Hoc|Any CPU.Build.0 = Release|Any CPU
		{75316B54-9639-4CA9-9159-252A8F8026E3}.Ad-Hoc|iPhone.ActiveCfg = Release|Any CPU
		{75316B54-9639-4CA9-9159-252A8F8026E3}.Ad-Hoc|iPhone.Build.0 = Release|Any CPU
		{75316B54-9639-4CA9-9159-252A8F8026E3}.Ad-Hoc|iPhoneSimulator.ActiveCfg = Release|Any CPU
		{75316B54-9639-4CA9-9159-252A8F8026E3}.Ad-Hoc|iPhoneSimulator.Build.0 = Release|Any CPU
		{75316B54-9639-4CA9-9159-252A8F8026E3}.Ad-Hoc|x86.ActiveCfg = Release|Any CPU
		{75316B54-9639-4CA9-9159-252A8F8026E3}.Ad-Hoc|x86.Build.0 = Release|Any CPU
		{75316B54-9639-4CA9-9159-252A8F8026E3}.AppStore|Any CPU.ActiveCfg = Release|Any CPU
		{75316B54-9639-4CA9-9159-252A8F8026E3}.AppStore|Any CPU.Build.0 = Release|Any CPU
		{75316B54-9639-4CA9-9159-252A8F8026E3}.AppStore|iPhone.ActiveCfg = Release|Any CPU
		{75316B54-9639-4CA9-9159-252A8F8026E3}.AppStore|iPhone.Build.0 = Release|Any CPU
		{75316B54-9639-4CA9-9159-252A8F8026E3}.AppStore|iPhoneSimulator.ActiveCfg = Release|Any CPU
		{75316B54-9639-4CA9-9159-252A8F8026E3}.AppStore|iPhoneSimulator.Build.0 = Release|Any CPU
		{75316B54-9639-4CA9-9159-252A8F8026E3}.AppStore|x86.ActiveCfg = Release|Any CPU
		{75316B54-9639-4CA9-9159-252A8F8026E3}.AppStore|x86.Build.0 = Release|Any CPU
		{75316B54-9639-4CA9-9159-252A8F8026E3}.Debug|Any CPU.ActiveCfg = Debug|Any CPU
		{75316B54-9639-4CA9-9159-252A8F8026E3}.Debug|Any CPU.Build.0 = Debug|Any CPU
		{75316B54-9639-4CA9-9159-252A8F8026E3}.Debug|iPhone.ActiveCfg = Debug|Any CPU
		{75316B54-9639-4CA9-9159-252A8F8026E3}.Debug|iPhone.Build.0 = Debug|Any CPU
		{75316B54-9639-4CA9-9159-252A8F8026E3}.Debug|iPhoneSimulator.ActiveCfg = Debug|Any CPU
		{75316B54-9639-4CA9-9159-252A8F8026E3}.Debug|iPhoneSimulator.Build.0 = Debug|Any CPU
		{75316B54-9639-4CA9-9159-252A8F8026E3}.Debug|x86.ActiveCfg = Debug|Any CPU
		{75316B54-9639-4CA9-9159-252A8F8026E3}.Debug|x86.Build.0 = Debug|Any CPU
		{75316B54-9639-4CA9-9159-252A8F8026E3}.Release|Any CPU.ActiveCfg = Release|Any CPU
		{75316B54-9639-4CA9-9159-252A8F8026E3}.Release|Any CPU.Build.0 = Release|Any CPU
		{75316B54-9639-4CA9-9159-252A8F8026E3}.Release|iPhone.ActiveCfg = Release|Any CPU
		{75316B54-9639-4CA9-9159-252A8F8026E3}.Release|iPhone.Build.0 = Release|Any CPU
		{75316B54-9639-4CA9-9159-252A8F8026E3}.Release|iPhoneSimulator.ActiveCfg = Release|Any CPU
		{75316B54-9639-4CA9-9159-252A8F8026E3}.Release|iPhoneSimulator.Build.0 = Release|Any CPU
		{75316B54-9639-4CA9-9159-252A8F8026E3}.Release|x86.ActiveCfg = Release|Any CPU
		{75316B54-9639-4CA9-9159-252A8F8026E3}.Release|x86.Build.0 = Release|Any CPU
		{6F875B12-CE9C-46E4-A8B8-D8A1B0E2DFE2}.Ad-Hoc|Any CPU.ActiveCfg = Release|Any CPU
		{6F875B12-CE9C-46E4-A8B8-D8A1B0E2DFE2}.Ad-Hoc|Any CPU.Build.0 = Release|Any CPU
		{6F875B12-CE9C-46E4-A8B8-D8A1B0E2DFE2}.Ad-Hoc|iPhone.ActiveCfg = Release|Any CPU
		{6F875B12-CE9C-46E4-A8B8-D8A1B0E2DFE2}.Ad-Hoc|iPhone.Build.0 = Release|Any CPU
		{6F875B12-CE9C-46E4-A8B8-D8A1B0E2DFE2}.Ad-Hoc|iPhoneSimulator.ActiveCfg = Release|Any CPU
		{6F875B12-CE9C-46E4-A8B8-D8A1B0E2DFE2}.Ad-Hoc|iPhoneSimulator.Build.0 = Release|Any CPU
		{6F875B12-CE9C-46E4-A8B8-D8A1B0E2DFE2}.Ad-Hoc|x86.ActiveCfg = Release|Any CPU
		{6F875B12-CE9C-46E4-A8B8-D8A1B0E2DFE2}.Ad-Hoc|x86.Build.0 = Release|Any CPU
		{6F875B12-CE9C-46E4-A8B8-D8A1B0E2DFE2}.AppStore|Any CPU.ActiveCfg = Release|Any CPU
		{6F875B12-CE9C-46E4-A8B8-D8A1B0E2DFE2}.AppStore|Any CPU.Build.0 = Release|Any CPU
		{6F875B12-CE9C-46E4-A8B8-D8A1B0E2DFE2}.AppStore|iPhone.ActiveCfg = Release|Any CPU
		{6F875B12-CE9C-46E4-A8B8-D8A1B0E2DFE2}.AppStore|iPhone.Build.0 = Release|Any CPU
		{6F875B12-CE9C-46E4-A8B8-D8A1B0E2DFE2}.AppStore|iPhoneSimulator.ActiveCfg = Release|Any CPU
		{6F875B12-CE9C-46E4-A8B8-D8A1B0E2DFE2}.AppStore|iPhoneSimulator.Build.0 = Release|Any CPU
		{6F875B12-CE9C-46E4-A8B8-D8A1B0E2DFE2}.AppStore|x86.ActiveCfg = Release|Any CPU
		{6F875B12-CE9C-46E4-A8B8-D8A1B0E2DFE2}.AppStore|x86.Build.0 = Release|Any CPU
		{6F875B12-CE9C-46E4-A8B8-D8A1B0E2DFE2}.Debug|Any CPU.ActiveCfg = Debug|Any CPU
		{6F875B12-CE9C-46E4-A8B8-D8A1B0E2DFE2}.Debug|Any CPU.Build.0 = Debug|Any CPU
		{6F875B12-CE9C-46E4-A8B8-D8A1B0E2DFE2}.Debug|iPhone.ActiveCfg = Debug|Any CPU
		{6F875B12-CE9C-46E4-A8B8-D8A1B0E2DFE2}.Debug|iPhone.Build.0 = Debug|Any CPU
		{6F875B12-CE9C-46E4-A8B8-D8A1B0E2DFE2}.Debug|iPhoneSimulator.ActiveCfg = Debug|Any CPU
		{6F875B12-CE9C-46E4-A8B8-D8A1B0E2DFE2}.Debug|iPhoneSimulator.Build.0 = Debug|Any CPU
		{6F875B12-CE9C-46E4-A8B8-D8A1B0E2DFE2}.Debug|x86.ActiveCfg = Debug|Any CPU
		{6F875B12-CE9C-46E4-A8B8-D8A1B0E2DFE2}.Debug|x86.Build.0 = Debug|Any CPU
		{6F875B12-CE9C-46E4-A8B8-D8A1B0E2DFE2}.Release|Any CPU.ActiveCfg = Release|Any CPU
		{6F875B12-CE9C-46E4-A8B8-D8A1B0E2DFE2}.Release|Any CPU.Build.0 = Release|Any CPU
		{6F875B12-CE9C-46E4-A8B8-D8A1B0E2DFE2}.Release|iPhone.ActiveCfg = Release|Any CPU
		{6F875B12-CE9C-46E4-A8B8-D8A1B0E2DFE2}.Release|iPhone.Build.0 = Release|Any CPU
		{6F875B12-CE9C-46E4-A8B8-D8A1B0E2DFE2}.Release|iPhoneSimulator.ActiveCfg = Release|Any CPU
		{6F875B12-CE9C-46E4-A8B8-D8A1B0E2DFE2}.Release|iPhoneSimulator.Build.0 = Release|Any CPU
		{6F875B12-CE9C-46E4-A8B8-D8A1B0E2DFE2}.Release|x86.ActiveCfg = Release|Any CPU
		{6F875B12-CE9C-46E4-A8B8-D8A1B0E2DFE2}.Release|x86.Build.0 = Release|Any CPU
		{BAE3D064-EF4C-408F-8BA7-6D0D2A0079E1}.Ad-Hoc|Any CPU.ActiveCfg = Release|Any CPU
		{BAE3D064-EF4C-408F-8BA7-6D0D2A0079E1}.Ad-Hoc|Any CPU.Build.0 = Release|Any CPU
		{BAE3D064-EF4C-408F-8BA7-6D0D2A0079E1}.Ad-Hoc|iPhone.ActiveCfg = Release|Any CPU
		{BAE3D064-EF4C-408F-8BA7-6D0D2A0079E1}.Ad-Hoc|iPhone.Build.0 = Release|Any CPU
		{BAE3D064-EF4C-408F-8BA7-6D0D2A0079E1}.Ad-Hoc|iPhoneSimulator.ActiveCfg = Release|Any CPU
		{BAE3D064-EF4C-408F-8BA7-6D0D2A0079E1}.Ad-Hoc|iPhoneSimulator.Build.0 = Release|Any CPU
		{BAE3D064-EF4C-408F-8BA7-6D0D2A0079E1}.Ad-Hoc|x86.ActiveCfg = Release|Any CPU
		{BAE3D064-EF4C-408F-8BA7-6D0D2A0079E1}.Ad-Hoc|x86.Build.0 = Release|Any CPU
		{BAE3D064-EF4C-408F-8BA7-6D0D2A0079E1}.AppStore|Any CPU.ActiveCfg = Release|Any CPU
		{BAE3D064-EF4C-408F-8BA7-6D0D2A0079E1}.AppStore|Any CPU.Build.0 = Release|Any CPU
		{BAE3D064-EF4C-408F-8BA7-6D0D2A0079E1}.AppStore|iPhone.ActiveCfg = Release|Any CPU
		{BAE3D064-EF4C-408F-8BA7-6D0D2A0079E1}.AppStore|iPhone.Build.0 = Release|Any CPU
		{BAE3D064-EF4C-408F-8BA7-6D0D2A0079E1}.AppStore|iPhoneSimulator.ActiveCfg = Release|Any CPU
		{BAE3D064-EF4C-408F-8BA7-6D0D2A0079E1}.AppStore|iPhoneSimulator.Build.0 = Release|Any CPU
		{BAE3D064-EF4C-408F-8BA7-6D0D2A0079E1}.AppStore|x86.ActiveCfg = Release|Any CPU
		{BAE3D064-EF4C-408F-8BA7-6D0D2A0079E1}.AppStore|x86.Build.0 = Release|Any CPU
		{BAE3D064-EF4C-408F-8BA7-6D0D2A0079E1}.Debug|Any CPU.ActiveCfg = Debug|Any CPU
		{BAE3D064-EF4C-408F-8BA7-6D0D2A0079E1}.Debug|Any CPU.Build.0 = Debug|Any CPU
		{BAE3D064-EF4C-408F-8BA7-6D0D2A0079E1}.Debug|iPhone.ActiveCfg = Debug|Any CPU
		{BAE3D064-EF4C-408F-8BA7-6D0D2A0079E1}.Debug|iPhone.Build.0 = Debug|Any CPU
		{BAE3D064-EF4C-408F-8BA7-6D0D2A0079E1}.Debug|iPhoneSimulator.ActiveCfg = Debug|Any CPU
		{BAE3D064-EF4C-408F-8BA7-6D0D2A0079E1}.Debug|iPhoneSimulator.Build.0 = Debug|Any CPU
		{BAE3D064-EF4C-408F-8BA7-6D0D2A0079E1}.Debug|x86.ActiveCfg = Debug|Any CPU
		{BAE3D064-EF4C-408F-8BA7-6D0D2A0079E1}.Debug|x86.Build.0 = Debug|Any CPU
		{BAE3D064-EF4C-408F-8BA7-6D0D2A0079E1}.Release|Any CPU.ActiveCfg = Release|Any CPU
		{BAE3D064-EF4C-408F-8BA7-6D0D2A0079E1}.Release|Any CPU.Build.0 = Release|Any CPU
		{BAE3D064-EF4C-408F-8BA7-6D0D2A0079E1}.Release|iPhone.ActiveCfg = Release|Any CPU
		{BAE3D064-EF4C-408F-8BA7-6D0D2A0079E1}.Release|iPhone.Build.0 = Release|Any CPU
		{BAE3D064-EF4C-408F-8BA7-6D0D2A0079E1}.Release|iPhoneSimulator.ActiveCfg = Release|Any CPU
		{BAE3D064-EF4C-408F-8BA7-6D0D2A0079E1}.Release|iPhoneSimulator.Build.0 = Release|Any CPU
		{BAE3D064-EF4C-408F-8BA7-6D0D2A0079E1}.Release|x86.ActiveCfg = Release|Any CPU
		{BAE3D064-EF4C-408F-8BA7-6D0D2A0079E1}.Release|x86.Build.0 = Release|Any CPU
		{A79C53E7-B191-4DBD-AD15-E3E7CF6E13DB}.Ad-Hoc|Any CPU.ActiveCfg = Release|Any CPU
		{A79C53E7-B191-4DBD-AD15-E3E7CF6E13DB}.Ad-Hoc|Any CPU.Build.0 = Release|Any CPU
		{A79C53E7-B191-4DBD-AD15-E3E7CF6E13DB}.Ad-Hoc|iPhone.ActiveCfg = Release|Any CPU
		{A79C53E7-B191-4DBD-AD15-E3E7CF6E13DB}.Ad-Hoc|iPhone.Build.0 = Release|Any CPU
		{A79C53E7-B191-4DBD-AD15-E3E7CF6E13DB}.Ad-Hoc|iPhoneSimulator.ActiveCfg = Release|Any CPU
		{A79C53E7-B191-4DBD-AD15-E3E7CF6E13DB}.Ad-Hoc|iPhoneSimulator.Build.0 = Release|Any CPU
		{A79C53E7-B191-4DBD-AD15-E3E7CF6E13DB}.Ad-Hoc|x86.ActiveCfg = Release|Any CPU
		{A79C53E7-B191-4DBD-AD15-E3E7CF6E13DB}.Ad-Hoc|x86.Build.0 = Release|Any CPU
		{A79C53E7-B191-4DBD-AD15-E3E7CF6E13DB}.AppStore|Any CPU.ActiveCfg = Release|Any CPU
		{A79C53E7-B191-4DBD-AD15-E3E7CF6E13DB}.AppStore|Any CPU.Build.0 = Release|Any CPU
		{A79C53E7-B191-4DBD-AD15-E3E7CF6E13DB}.AppStore|iPhone.ActiveCfg = Release|Any CPU
		{A79C53E7-B191-4DBD-AD15-E3E7CF6E13DB}.AppStore|iPhone.Build.0 = Release|Any CPU
		{A79C53E7-B191-4DBD-AD15-E3E7CF6E13DB}.AppStore|iPhoneSimulator.ActiveCfg = Release|Any CPU
		{A79C53E7-B191-4DBD-AD15-E3E7CF6E13DB}.AppStore|iPhoneSimulator.Build.0 = Release|Any CPU
		{A79C53E7-B191-4DBD-AD15-E3E7CF6E13DB}.AppStore|x86.ActiveCfg = Release|Any CPU
		{A79C53E7-B191-4DBD-AD15-E3E7CF6E13DB}.AppStore|x86.Build.0 = Release|Any CPU
		{A79C53E7-B191-4DBD-AD15-E3E7CF6E13DB}.Debug|Any CPU.ActiveCfg = Debug|Any CPU
		{A79C53E7-B191-4DBD-AD15-E3E7CF6E13DB}.Debug|Any CPU.Build.0 = Debug|Any CPU
		{A79C53E7-B191-4DBD-AD15-E3E7CF6E13DB}.Debug|iPhone.ActiveCfg = Debug|Any CPU
		{A79C53E7-B191-4DBD-AD15-E3E7CF6E13DB}.Debug|iPhone.Build.0 = Debug|Any CPU
		{A79C53E7-B191-4DBD-AD15-E3E7CF6E13DB}.Debug|iPhoneSimulator.ActiveCfg = Debug|Any CPU
		{A79C53E7-B191-4DBD-AD15-E3E7CF6E13DB}.Debug|iPhoneSimulator.Build.0 = Debug|Any CPU
		{A79C53E7-B191-4DBD-AD15-E3E7CF6E13DB}.Debug|x86.ActiveCfg = Debug|Any CPU
		{A79C53E7-B191-4DBD-AD15-E3E7CF6E13DB}.Debug|x86.Build.0 = Debug|Any CPU
		{A79C53E7-B191-4DBD-AD15-E3E7CF6E13DB}.Release|Any CPU.ActiveCfg = Release|Any CPU
		{A79C53E7-B191-4DBD-AD15-E3E7CF6E13DB}.Release|Any CPU.Build.0 = Release|Any CPU
		{A79C53E7-B191-4DBD-AD15-E3E7CF6E13DB}.Release|iPhone.ActiveCfg = Release|Any CPU
		{A79C53E7-B191-4DBD-AD15-E3E7CF6E13DB}.Release|iPhone.Build.0 = Release|Any CPU
		{A79C53E7-B191-4DBD-AD15-E3E7CF6E13DB}.Release|iPhoneSimulator.ActiveCfg = Release|Any CPU
		{A79C53E7-B191-4DBD-AD15-E3E7CF6E13DB}.Release|iPhoneSimulator.Build.0 = Release|Any CPU
		{A79C53E7-B191-4DBD-AD15-E3E7CF6E13DB}.Release|x86.ActiveCfg = Release|Any CPU
		{A79C53E7-B191-4DBD-AD15-E3E7CF6E13DB}.Release|x86.Build.0 = Release|Any CPU
		{CCB0886E-3C76-43AE-8370-C00E1852A3FF}.Ad-Hoc|Any CPU.ActiveCfg = Release|Any CPU
		{CCB0886E-3C76-43AE-8370-C00E1852A3FF}.Ad-Hoc|Any CPU.Build.0 = Release|Any CPU
		{CCB0886E-3C76-43AE-8370-C00E1852A3FF}.Ad-Hoc|iPhone.ActiveCfg = Release|Any CPU
		{CCB0886E-3C76-43AE-8370-C00E1852A3FF}.Ad-Hoc|iPhone.Build.0 = Release|Any CPU
		{CCB0886E-3C76-43AE-8370-C00E1852A3FF}.Ad-Hoc|iPhoneSimulator.ActiveCfg = Release|Any CPU
		{CCB0886E-3C76-43AE-8370-C00E1852A3FF}.Ad-Hoc|iPhoneSimulator.Build.0 = Release|Any CPU
		{CCB0886E-3C76-43AE-8370-C00E1852A3FF}.Ad-Hoc|x86.ActiveCfg = Release|Any CPU
		{CCB0886E-3C76-43AE-8370-C00E1852A3FF}.Ad-Hoc|x86.Build.0 = Release|Any CPU
		{CCB0886E-3C76-43AE-8370-C00E1852A3FF}.AppStore|Any CPU.ActiveCfg = Release|Any CPU
		{CCB0886E-3C76-43AE-8370-C00E1852A3FF}.AppStore|Any CPU.Build.0 = Release|Any CPU
		{CCB0886E-3C76-43AE-8370-C00E1852A3FF}.AppStore|iPhone.ActiveCfg = Release|Any CPU
		{CCB0886E-3C76-43AE-8370-C00E1852A3FF}.AppStore|iPhone.Build.0 = Release|Any CPU
		{CCB0886E-3C76-43AE-8370-C00E1852A3FF}.AppStore|iPhoneSimulator.ActiveCfg = Release|Any CPU
		{CCB0886E-3C76-43AE-8370-C00E1852A3FF}.AppStore|iPhoneSimulator.Build.0 = Release|Any CPU
		{CCB0886E-3C76-43AE-8370-C00E1852A3FF}.AppStore|x86.ActiveCfg = Release|Any CPU
		{CCB0886E-3C76-43AE-8370-C00E1852A3FF}.AppStore|x86.Build.0 = Release|Any CPU
		{CCB0886E-3C76-43AE-8370-C00E1852A3FF}.Debug|Any CPU.ActiveCfg = Debug|Any CPU
		{CCB0886E-3C76-43AE-8370-C00E1852A3FF}.Debug|Any CPU.Build.0 = Debug|Any CPU
		{CCB0886E-3C76-43AE-8370-C00E1852A3FF}.Debug|iPhone.ActiveCfg = Debug|Any CPU
		{CCB0886E-3C76-43AE-8370-C00E1852A3FF}.Debug|iPhone.Build.0 = Debug|Any CPU
		{CCB0886E-3C76-43AE-8370-C00E1852A3FF}.Debug|iPhoneSimulator.ActiveCfg = Debug|Any CPU
		{CCB0886E-3C76-43AE-8370-C00E1852A3FF}.Debug|iPhoneSimulator.Build.0 = Debug|Any CPU
		{CCB0886E-3C76-43AE-8370-C00E1852A3FF}.Debug|x86.ActiveCfg = Debug|Any CPU
		{CCB0886E-3C76-43AE-8370-C00E1852A3FF}.Debug|x86.Build.0 = Debug|Any CPU
		{CCB0886E-3C76-43AE-8370-C00E1852A3FF}.Release|Any CPU.ActiveCfg = Release|Any CPU
		{CCB0886E-3C76-43AE-8370-C00E1852A3FF}.Release|Any CPU.Build.0 = Release|Any CPU
		{CCB0886E-3C76-43AE-8370-C00E1852A3FF}.Release|iPhone.ActiveCfg = Release|Any CPU
		{CCB0886E-3C76-43AE-8370-C00E1852A3FF}.Release|iPhone.Build.0 = Release|Any CPU
		{CCB0886E-3C76-43AE-8370-C00E1852A3FF}.Release|iPhoneSimulator.ActiveCfg = Release|Any CPU
		{CCB0886E-3C76-43AE-8370-C00E1852A3FF}.Release|iPhoneSimulator.Build.0 = Release|Any CPU
		{CCB0886E-3C76-43AE-8370-C00E1852A3FF}.Release|x86.ActiveCfg = Release|Any CPU
		{CCB0886E-3C76-43AE-8370-C00E1852A3FF}.Release|x86.Build.0 = Release|Any CPU
		{910BAE33-2C50-4325-A404-0EE359D270AF}.Ad-Hoc|Any CPU.ActiveCfg = Release|Any CPU
		{910BAE33-2C50-4325-A404-0EE359D270AF}.Ad-Hoc|Any CPU.Build.0 = Release|Any CPU
		{910BAE33-2C50-4325-A404-0EE359D270AF}.Ad-Hoc|Any CPU.Deploy.0 = Release|Any CPU
		{910BAE33-2C50-4325-A404-0EE359D270AF}.Ad-Hoc|iPhone.ActiveCfg = Release|Any CPU
		{910BAE33-2C50-4325-A404-0EE359D270AF}.Ad-Hoc|iPhone.Build.0 = Release|Any CPU
		{910BAE33-2C50-4325-A404-0EE359D270AF}.Ad-Hoc|iPhone.Deploy.0 = Release|Any CPU
		{910BAE33-2C50-4325-A404-0EE359D270AF}.Ad-Hoc|iPhoneSimulator.ActiveCfg = Release|Any CPU
		{910BAE33-2C50-4325-A404-0EE359D270AF}.Ad-Hoc|iPhoneSimulator.Build.0 = Release|Any CPU
		{910BAE33-2C50-4325-A404-0EE359D270AF}.Ad-Hoc|iPhoneSimulator.Deploy.0 = Release|Any CPU
		{910BAE33-2C50-4325-A404-0EE359D270AF}.Ad-Hoc|x86.ActiveCfg = Release|Any CPU
		{910BAE33-2C50-4325-A404-0EE359D270AF}.Ad-Hoc|x86.Build.0 = Release|Any CPU
		{910BAE33-2C50-4325-A404-0EE359D270AF}.Ad-Hoc|x86.Deploy.0 = Release|Any CPU
		{910BAE33-2C50-4325-A404-0EE359D270AF}.AppStore|Any CPU.ActiveCfg = Release|Any CPU
		{910BAE33-2C50-4325-A404-0EE359D270AF}.AppStore|Any CPU.Build.0 = Release|Any CPU
		{910BAE33-2C50-4325-A404-0EE359D270AF}.AppStore|Any CPU.Deploy.0 = Release|Any CPU
		{910BAE33-2C50-4325-A404-0EE359D270AF}.AppStore|iPhone.ActiveCfg = Release|Any CPU
		{910BAE33-2C50-4325-A404-0EE359D270AF}.AppStore|iPhone.Build.0 = Release|Any CPU
		{910BAE33-2C50-4325-A404-0EE359D270AF}.AppStore|iPhone.Deploy.0 = Release|Any CPU
		{910BAE33-2C50-4325-A404-0EE359D270AF}.AppStore|iPhoneSimulator.ActiveCfg = Release|Any CPU
		{910BAE33-2C50-4325-A404-0EE359D270AF}.AppStore|iPhoneSimulator.Build.0 = Release|Any CPU
		{910BAE33-2C50-4325-A404-0EE359D270AF}.AppStore|iPhoneSimulator.Deploy.0 = Release|Any CPU
		{910BAE33-2C50-4325-A404-0EE359D270AF}.AppStore|x86.ActiveCfg = Release|Any CPU
		{910BAE33-2C50-4325-A404-0EE359D270AF}.AppStore|x86.Build.0 = Release|Any CPU
		{910BAE33-2C50-4325-A404-0EE359D270AF}.AppStore|x86.Deploy.0 = Release|Any CPU
		{910BAE33-2C50-4325-A404-0EE359D270AF}.Debug|Any CPU.ActiveCfg = Debug|Any CPU
		{910BAE33-2C50-4325-A404-0EE359D270AF}.Debug|Any CPU.Build.0 = Debug|Any CPU
		{910BAE33-2C50-4325-A404-0EE359D270AF}.Debug|Any CPU.Deploy.0 = Debug|Any CPU
		{910BAE33-2C50-4325-A404-0EE359D270AF}.Debug|iPhone.ActiveCfg = Debug|Any CPU
		{910BAE33-2C50-4325-A404-0EE359D270AF}.Debug|iPhone.Build.0 = Debug|Any CPU
		{910BAE33-2C50-4325-A404-0EE359D270AF}.Debug|iPhone.Deploy.0 = Debug|Any CPU
		{910BAE33-2C50-4325-A404-0EE359D270AF}.Debug|iPhoneSimulator.ActiveCfg = Debug|Any CPU
		{910BAE33-2C50-4325-A404-0EE359D270AF}.Debug|iPhoneSimulator.Build.0 = Debug|Any CPU
		{910BAE33-2C50-4325-A404-0EE359D270AF}.Debug|iPhoneSimulator.Deploy.0 = Debug|Any CPU
		{910BAE33-2C50-4325-A404-0EE359D270AF}.Debug|x86.ActiveCfg = Debug|Any CPU
		{910BAE33-2C50-4325-A404-0EE359D270AF}.Debug|x86.Build.0 = Debug|Any CPU
		{910BAE33-2C50-4325-A404-0EE359D270AF}.Debug|x86.Deploy.0 = Debug|Any CPU
		{910BAE33-2C50-4325-A404-0EE359D270AF}.Release|Any CPU.ActiveCfg = Release|Any CPU
		{910BAE33-2C50-4325-A404-0EE359D270AF}.Release|Any CPU.Build.0 = Release|Any CPU
		{910BAE33-2C50-4325-A404-0EE359D270AF}.Release|Any CPU.Deploy.0 = Release|Any CPU
		{910BAE33-2C50-4325-A404-0EE359D270AF}.Release|iPhone.ActiveCfg = Release|Any CPU
		{910BAE33-2C50-4325-A404-0EE359D270AF}.Release|iPhone.Build.0 = Release|Any CPU
		{910BAE33-2C50-4325-A404-0EE359D270AF}.Release|iPhone.Deploy.0 = Release|Any CPU
		{910BAE33-2C50-4325-A404-0EE359D270AF}.Release|iPhoneSimulator.ActiveCfg = Release|Any CPU
		{910BAE33-2C50-4325-A404-0EE359D270AF}.Release|iPhoneSimulator.Build.0 = Release|Any CPU
		{910BAE33-2C50-4325-A404-0EE359D270AF}.Release|iPhoneSimulator.Deploy.0 = Release|Any CPU
		{910BAE33-2C50-4325-A404-0EE359D270AF}.Release|x86.ActiveCfg = Release|Any CPU
		{910BAE33-2C50-4325-A404-0EE359D270AF}.Release|x86.Build.0 = Release|Any CPU
		{910BAE33-2C50-4325-A404-0EE359D270AF}.Release|x86.Deploy.0 = Release|Any CPU
		{EE4E3327-766F-41A8-9DC9-706775F9DF37}.Ad-Hoc|Any CPU.ActiveCfg = Ad-Hoc|iPhone
		{EE4E3327-766F-41A8-9DC9-706775F9DF37}.Ad-Hoc|iPhone.ActiveCfg = Ad-Hoc|iPhone
		{EE4E3327-766F-41A8-9DC9-706775F9DF37}.Ad-Hoc|iPhone.Build.0 = Ad-Hoc|iPhone
		{EE4E3327-766F-41A8-9DC9-706775F9DF37}.Ad-Hoc|iPhoneSimulator.ActiveCfg = Ad-Hoc|iPhoneSimulator
		{EE4E3327-766F-41A8-9DC9-706775F9DF37}.Ad-Hoc|iPhoneSimulator.Build.0 = Ad-Hoc|iPhoneSimulator
		{EE4E3327-766F-41A8-9DC9-706775F9DF37}.Ad-Hoc|x86.ActiveCfg = Ad-Hoc|iPhone
		{EE4E3327-766F-41A8-9DC9-706775F9DF37}.AppStore|Any CPU.ActiveCfg = AppStore|iPhone
		{EE4E3327-766F-41A8-9DC9-706775F9DF37}.AppStore|iPhone.ActiveCfg = AppStore|iPhone
		{EE4E3327-766F-41A8-9DC9-706775F9DF37}.AppStore|iPhone.Build.0 = AppStore|iPhone
		{EE4E3327-766F-41A8-9DC9-706775F9DF37}.AppStore|iPhoneSimulator.ActiveCfg = AppStore|iPhoneSimulator
		{EE4E3327-766F-41A8-9DC9-706775F9DF37}.AppStore|iPhoneSimulator.Build.0 = AppStore|iPhoneSimulator
		{EE4E3327-766F-41A8-9DC9-706775F9DF37}.AppStore|x86.ActiveCfg = AppStore|iPhone
		{EE4E3327-766F-41A8-9DC9-706775F9DF37}.Debug|Any CPU.ActiveCfg = Debug|iPhone
		{EE4E3327-766F-41A8-9DC9-706775F9DF37}.Debug|iPhone.ActiveCfg = Debug|iPhone
		{EE4E3327-766F-41A8-9DC9-706775F9DF37}.Debug|iPhone.Build.0 = Debug|iPhone
		{EE4E3327-766F-41A8-9DC9-706775F9DF37}.Debug|iPhoneSimulator.ActiveCfg = Debug|iPhoneSimulator
		{EE4E3327-766F-41A8-9DC9-706775F9DF37}.Debug|iPhoneSimulator.Build.0 = Debug|iPhoneSimulator
		{EE4E3327-766F-41A8-9DC9-706775F9DF37}.Debug|x86.ActiveCfg = Debug|iPhone
		{EE4E3327-766F-41A8-9DC9-706775F9DF37}.Release|Any CPU.ActiveCfg = Release|iPhone
		{EE4E3327-766F-41A8-9DC9-706775F9DF37}.Release|iPhone.ActiveCfg = Release|iPhone
		{EE4E3327-766F-41A8-9DC9-706775F9DF37}.Release|iPhone.Build.0 = Release|iPhone
		{EE4E3327-766F-41A8-9DC9-706775F9DF37}.Release|iPhoneSimulator.ActiveCfg = Release|iPhoneSimulator
		{EE4E3327-766F-41A8-9DC9-706775F9DF37}.Release|iPhoneSimulator.Build.0 = Release|iPhoneSimulator
		{EE4E3327-766F-41A8-9DC9-706775F9DF37}.Release|x86.ActiveCfg = Release|iPhone
	EndGlobalSection
	GlobalSection(SolutionProperties) = preSolution
		HideSolutionNode = FALSE
	EndGlobalSection
	GlobalSection(NestedProjects) = preSolution
		{6E682A14-C872-4813-B620-76E108DEA683} = {BEA6C38B-4DCE-4724-BE6D-B0E4EC25B629}
		{96608CDD-C8BD-407B-8C18-6A242350337D} = {BEA6C38B-4DCE-4724-BE6D-B0E4EC25B629}
		{F68A1D19-93FB-47C1-A22B-42BEA3E4FD8C} = {BEA6C38B-4DCE-4724-BE6D-B0E4EC25B629}
		{5AB7261D-F74C-4853-BD70-4EB2239B89F9} = {BEA6C38B-4DCE-4724-BE6D-B0E4EC25B629}
		{8B0D379F-96DD-425F-9793-8DE51FDC8706} = {BEA6C38B-4DCE-4724-BE6D-B0E4EC25B629}
		{67988C5A-E33C-4811-A316-69416EED5FBD} = {BEA6C38B-4DCE-4724-BE6D-B0E4EC25B629}
		{6E57809C-FCFA-4818-9DF8-93162E451ED0} = {BEA6C38B-4DCE-4724-BE6D-B0E4EC25B629}
		{E9909E52-25BE-4F82-873B-DAF2EC30DE76} = {BEA6C38B-4DCE-4724-BE6D-B0E4EC25B629}
		{BB07442C-89FF-48AA-B4A9-5413BE5D4D09} = {BEA6C38B-4DCE-4724-BE6D-B0E4EC25B629}
		{75316B54-9639-4CA9-9159-252A8F8026E3} = {BEA6C38B-4DCE-4724-BE6D-B0E4EC25B629}
		{6F875B12-CE9C-46E4-A8B8-D8A1B0E2DFE2} = {BEA6C38B-4DCE-4724-BE6D-B0E4EC25B629}
		{BAE3D064-EF4C-408F-8BA7-6D0D2A0079E1} = {BEA6C38B-4DCE-4724-BE6D-B0E4EC25B629}
		{A79C53E7-B191-4DBD-AD15-E3E7CF6E13DB} = {BEA6C38B-4DCE-4724-BE6D-B0E4EC25B629}
		{CCB0886E-3C76-43AE-8370-C00E1852A3FF} = {BEA6C38B-4DCE-4724-BE6D-B0E4EC25B629}
	EndGlobalSection
EndGlobal
